
Microsoft Visual Studio Solution File, Format Version 12.00
Project("{2150E333-8FDC-42A3-9474-1A3956D46DE8}") = "src", "src", "{33932683-B28F-4BBF-BA03-4C66613FD3EE}"
	ProjectSection(SolutionItems) = preProject
		README.md = README.md
		Dockerfile = Dockerfile
	EndProjectSection
EndProject
Project("{FAE04EC0-301F-11D3-BF4B-00C04F79EFBC}") = "Tenisu.Domain", "src\Tenisu.Domain\Tenisu.Domain.csproj", "{48A840AE-EE7D-4E2F-9429-C6B75416EC33}"
EndProject
Project("{2150E333-8FDC-42A3-9474-1A3956D46DE8}") = "tests", "tests", "{9C94B6F0-9517-4F8E-B4F5-78C7E90480C1}"
EndProject
Project("{FAE04EC0-301F-11D3-BF4B-00C04F79EFBC}") = "Tenisu.Infrastructure", "src\Tenisu.Infrastructure\Tenisu.Infrastructure.csproj", "{8F78BC9C-E667-4359-AB79-2AAB78AC6BF7}"
EndProject
Project("{FAE04EC0-301F-11D3-BF4B-00C04F79EFBC}") = "Tenisu.Api", "src\Tenisu.Api\Tenisu.Api.csproj", "{B5B919A1-45FF-4782-AD27-329A4E88BD2A}"
EndProject
Project("{FAE04EC0-301F-11D3-BF4B-00C04F79EFBC}") = "Tenisu.Application", "src\Tenisu.Application\Tenisu.Application.csproj", "{9676F3FE-0F9B-4756-BDFF-B4A5DD705818}"
EndProject
Project("{2150E333-8FDC-42A3-9474-1A3956D46DE8}") = "UnitTests", "UnitTests", "{1D294907-394A-4765-82D5-C2A00743C4E4}"
EndProject
Project("{FAE04EC0-301F-11D3-BF4B-00C04F79EFBC}") = "Tenisu.Domain.UnitTests", "tests\UnitTests\Tenisu.Domain.UnitTests\Tenisu.Domain.UnitTests.csproj", "{27F90D0C-AE9D-4287-A870-51199FBB71EE}"
EndProject
Project("{FAE04EC0-301F-11D3-BF4B-00C04F79EFBC}") = "Tenisu.Contracts", "src\Tenisu.Contracts\Tenisu.Contracts.csproj", "{37B40616-5BB9-4AE1-A71F-980F711D83EF}"
EndProject
Project("{FAE04EC0-301F-11D3-BF4B-00C04F79EFBC}") = "Tenisu.Infrastructure.UnitTests", "tests\UnitTests\Tenisu.Infrastructure.UnitTests\Tenisu.Infrastructure.UnitTests.csproj", "{3BC57129-B952-4DE7-B0B2-58B978A9801D}"
EndProject
Global
	GlobalSection(SolutionConfigurationPlatforms) = preSolution
		Debug|Any CPU = Debug|Any CPU
		Release|Any CPU = Release|Any CPU
	EndGlobalSection
	GlobalSection(ProjectConfigurationPlatforms) = postSolution
		{48A840AE-EE7D-4E2F-9429-C6B75416EC33}.Debug|Any CPU.ActiveCfg = Debug|Any CPU
		{48A840AE-EE7D-4E2F-9429-C6B75416EC33}.Debug|Any CPU.Build.0 = Debug|Any CPU
		{48A840AE-EE7D-4E2F-9429-C6B75416EC33}.Release|Any CPU.ActiveCfg = Release|Any CPU
		{48A840AE-EE7D-4E2F-9429-C6B75416EC33}.Release|Any CPU.Build.0 = Release|Any CPU
		{8F78BC9C-E667-4359-AB79-2AAB78AC6BF7}.Debug|Any CPU.ActiveCfg = Debug|Any CPU
		{8F78BC9C-E667-4359-AB79-2AAB78AC6BF7}.Debug|Any CPU.Build.0 = Debug|Any CPU
		{8F78BC9C-E667-4359-AB79-2AAB78AC6BF7}.Release|Any CPU.ActiveCfg = Release|Any CPU
		{8F78BC9C-E667-4359-AB79-2AAB78AC6BF7}.Release|Any CPU.Build.0 = Release|Any CPU
		{B5B919A1-45FF-4782-AD27-329A4E88BD2A}.Debug|Any CPU.ActiveCfg = Debug|Any CPU
		{B5B919A1-45FF-4782-AD27-329A4E88BD2A}.Debug|Any CPU.Build.0 = Debug|Any CPU
		{B5B919A1-45FF-4782-AD27-329A4E88BD2A}.Release|Any CPU.ActiveCfg = Release|Any CPU
		{B5B919A1-45FF-4782-AD27-329A4E88BD2A}.Release|Any CPU.Build.0 = Release|Any CPU
		{9676F3FE-0F9B-4756-BDFF-B4A5DD705818}.Debug|Any CPU.ActiveCfg = Debug|Any CPU
		{9676F3FE-0F9B-4756-BDFF-B4A5DD705818}.Debug|Any CPU.Build.0 = Debug|Any CPU
		{9676F3FE-0F9B-4756-BDFF-B4A5DD705818}.Release|Any CPU.ActiveCfg = Release|Any CPU
		{9676F3FE-0F9B-4756-BDFF-B4A5DD705818}.Release|Any CPU.Build.0 = Release|Any CPU
		{27F90D0C-AE9D-4287-A870-51199FBB71EE}.Debug|Any CPU.ActiveCfg = Debug|Any CPU
		{27F90D0C-AE9D-4287-A870-51199FBB71EE}.Debug|Any CPU.Build.0 = Debug|Any CPU
		{27F90D0C-AE9D-4287-A870-51199FBB71EE}.Release|Any CPU.ActiveCfg = Release|Any CPU
		{27F90D0C-AE9D-4287-A870-51199FBB71EE}.Release|Any CPU.Build.0 = Release|Any CPU
		{37B40616-5BB9-4AE1-A71F-980F711D83EF}.Debug|Any CPU.ActiveCfg = Debug|Any CPU
		{37B40616-5BB9-4AE1-A71F-980F711D83EF}.Debug|Any CPU.Build.0 = Debug|Any CPU
		{37B40616-5BB9-4AE1-A71F-980F711D83EF}.Release|Any CPU.ActiveCfg = Release|Any CPU
		{37B40616-5BB9-4AE1-A71F-980F711D83EF}.Release|Any CPU.Build.0 = Release|Any CPU
		{3BC57129-B952-4DE7-B0B2-58B978A9801D}.Debug|Any CPU.ActiveCfg = Debug|Any CPU
		{3BC57129-B952-4DE7-B0B2-58B978A9801D}.Debug|Any CPU.Build.0 = Debug|Any CPU
		{3BC57129-B952-4DE7-B0B2-58B978A9801D}.Release|Any CPU.ActiveCfg = Release|Any CPU
		{3BC57129-B952-4DE7-B0B2-58B978A9801D}.Release|Any CPU.Build.0 = Release|Any CPU
	EndGlobalSection
	GlobalSection(NestedProjects) = preSolution
		{48A840AE-EE7D-4E2F-9429-C6B75416EC33} = {33932683-B28F-4BBF-BA03-4C66613FD3EE}
		{8F78BC9C-E667-4359-AB79-2AAB78AC6BF7} = {33932683-B28F-4BBF-BA03-4C66613FD3EE}
		{B5B919A1-45FF-4782-AD27-329A4E88BD2A} = {33932683-B28F-4BBF-BA03-4C66613FD3EE}
		{9676F3FE-0F9B-4756-BDFF-B4A5DD705818} = {33932683-B28F-4BBF-BA03-4C66613FD3EE}
		{1D294907-394A-4765-82D5-C2A00743C4E4} = {9C94B6F0-9517-4F8E-B4F5-78C7E90480C1}
		{27F90D0C-AE9D-4287-A870-51199FBB71EE} = {1D294907-394A-4765-82D5-C2A00743C4E4}
		{37B40616-5BB9-4AE1-A71F-980F711D83EF} = {33932683-B28F-4BBF-BA03-4C66613FD3EE}
		{3BC57129-B952-4DE7-B0B2-58B978A9801D} = {1D294907-394A-4765-82D5-C2A00743C4E4}
	EndGlobalSection
EndGlobal
